
Microsoft Visual Studio Solution File, Format Version 12.00
# Visual Studio Version 17
VisualStudioVersion = 17.8.34330.188
MinimumVisualStudioVersion = 10.0.40219.1
Project("{9A19103F-16F7-4668-BE54-9A1E7A4F7556}") = "WebApplication1", "WebApplication1\WebApplication1.csproj", "{C4E76AF5-C320-4A1D-8FF8-14811C41D75E}"
EndProject
Project("{9A19103F-16F7-4668-BE54-9A1E7A4F7556}") = "AsyncDemo", "AsyncDemo\AsyncDemo.csproj", "{C49506B1-8F04-45C8-B033-B69317F2252F}"
EndProject
Project("{9A19103F-16F7-4668-BE54-9A1E7A4F7556}") = "LinqDemo", "LinqDemo\LinqDemo.csproj", "{2B60AF7B-C708-4848-A276-08D3C8F51157}"
EndProject
Project("{9A19103F-16F7-4668-BE54-9A1E7A4F7556}") = "MediatRDemo", "MediatRDemo\MediatRDemo.csproj", "{7FF25BD4-2BD2-44DE-A0CF-7A3A4B2E0606}"
EndProject
Project("{9A19103F-16F7-4668-BE54-9A1E7A4F7556}") = "RabbitMqCustomer", "RabbitMqCustomer\RabbitMqCustomer.csproj", "{318E15F8-CDAC-49EC-9721-541E26662370}"
EndProject
Project("{9A19103F-16F7-4668-BE54-9A1E7A4F7556}") = "1_EventBusSender", "1_EventBusSender\1_EventBusSender.csproj", "{5CCE4960-3595-4E1D-BF4E-8319833CFC7E}"
EndProject
Project("{9A19103F-16F7-4668-BE54-9A1E7A4F7556}") = "2_EventBusCustomer", "2_EventBusCustomer\2_EventBusCustomer.csproj", "{F8430E71-7602-4BA2-81E1-54DA3722F694}"
EndProject
Project("{FAE04EC0-301F-11D3-BF4B-00C04F79EFBC}") = "User.WebAPI", "User.WebAPI\User.WebAPI.csproj", "{0847D1CC-C4A2-420E-91A7-92D4DC6B2FF9}"
EndProject
Project("{FAE04EC0-301F-11D3-BF4B-00C04F79EFBC}") = "User.Domain", "User.Domain\User.Domain.csproj", "{560820EE-6C43-4DF9-8CE6-D299CA6F2BA1}"
EndProject
Project("{FAE04EC0-301F-11D3-BF4B-00C04F79EFBC}") = "User.Infrastructure", "User.Infrastructure\User.Infrastructure.csproj", "{F784EECA-0121-45E7-A20C-14F784C408BA}"
EndProject
Global
	GlobalSection(SolutionConfigurationPlatforms) = preSolution
		Debug|Any CPU = Debug|Any CPU
		Release|Any CPU = Release|Any CPU
	EndGlobalSection
	GlobalSection(ProjectConfigurationPlatforms) = postSolution
		{C4E76AF5-C320-4A1D-8FF8-14811C41D75E}.Debug|Any CPU.ActiveCfg = Debug|Any CPU
		{C4E76AF5-C320-4A1D-8FF8-14811C41D75E}.Debug|Any CPU.Build.0 = Debug|Any CPU
		{C4E76AF5-C320-4A1D-8FF8-14811C41D75E}.Release|Any CPU.ActiveCfg = Release|Any CPU
		{C4E76AF5-C320-4A1D-8FF8-14811C41D75E}.Release|Any CPU.Build.0 = Release|Any CPU
		{C49506B1-8F04-45C8-B033-B69317F2252F}.Debug|Any CPU.ActiveCfg = Debug|Any CPU
		{C49506B1-8F04-45C8-B033-B69317F2252F}.Debug|Any CPU.Build.0 = Debug|Any CPU
		{C49506B1-8F04-45C8-B033-B69317F2252F}.Release|Any CPU.ActiveCfg = Release|Any CPU
		{C49506B1-8F04-45C8-B033-B69317F2252F}.Release|Any CPU.Build.0 = Release|Any CPU
		{2B60AF7B-C708-4848-A276-08D3C8F51157}.Debug|Any CPU.ActiveCfg = Debug|Any CPU
		{2B60AF7B-C708-4848-A276-08D3C8F51157}.Debug|Any CPU.Build.0 = Debug|Any CPU
		{2B60AF7B-C708-4848-A276-08D3C8F51157}.Release|Any CPU.ActiveCfg = Release|Any CPU
		{2B60AF7B-C708-4848-A276-08D3C8F51157}.Release|Any CPU.Build.0 = Release|Any CPU
		{7FF25BD4-2BD2-44DE-A0CF-7A3A4B2E0606}.Debug|Any CPU.ActiveCfg = Debug|Any CPU
		{7FF25BD4-2BD2-44DE-A0CF-7A3A4B2E0606}.Debug|Any CPU.Build.0 = Debug|Any CPU
		{7FF25BD4-2BD2-44DE-A0CF-7A3A4B2E0606}.Release|Any CPU.ActiveCfg = Release|Any CPU
		{7FF25BD4-2BD2-44DE-A0CF-7A3A4B2E0606}.Release|Any CPU.Build.0 = Release|Any CPU
		{318E15F8-CDAC-49EC-9721-541E26662370}.Debug|Any CPU.ActiveCfg = Debug|Any CPU
		{318E15F8-CDAC-49EC-9721-541E26662370}.Debug|Any CPU.Build.0 = Debug|Any CPU
		{318E15F8-CDAC-49EC-9721-541E26662370}.Release|Any CPU.ActiveCfg = Release|Any CPU
		{318E15F8-CDAC-49EC-9721-541E26662370}.Release|Any CPU.Build.0 = Release|Any CPU
		{5CCE4960-3595-4E1D-BF4E-8319833CFC7E}.Debug|Any CPU.ActiveCfg = Debug|Any CPU
		{5CCE4960-3595-4E1D-BF4E-8319833CFC7E}.Debug|Any CPU.Build.0 = Debug|Any CPU
		{5CCE4960-3595-4E1D-BF4E-8319833CFC7E}.Release|Any CPU.ActiveCfg = Release|Any CPU
		{5CCE4960-3595-4E1D-BF4E-8319833CFC7E}.Release|Any CPU.Build.0 = Release|Any CPU
		{F8430E71-7602-4BA2-81E1-54DA3722F694}.Debug|Any CPU.ActiveCfg = Debug|Any CPU
		{F8430E71-7602-4BA2-81E1-54DA3722F694}.Debug|Any CPU.Build.0 = Debug|Any CPU
		{F8430E71-7602-4BA2-81E1-54DA3722F694}.Release|Any CPU.ActiveCfg = Release|Any CPU
		{F8430E71-7602-4BA2-81E1-54DA3722F694}.Release|Any CPU.Build.0 = Release|Any CPU
		{0847D1CC-C4A2-420E-91A7-92D4DC6B2FF9}.Debug|Any CPU.ActiveCfg = Debug|Any CPU
		{0847D1CC-C4A2-420E-91A7-92D4DC6B2FF9}.Debug|Any CPU.Build.0 = Debug|Any CPU
		{0847D1CC-C4A2-420E-91A7-92D4DC6B2FF9}.Release|Any CPU.ActiveCfg = Release|Any CPU
		{0847D1CC-C4A2-420E-91A7-92D4DC6B2FF9}.Release|Any CPU.Build.0 = Release|Any CPU
		{560820EE-6C43-4DF9-8CE6-D299CA6F2BA1}.Debug|Any CPU.ActiveCfg = Debug|Any CPU
		{560820EE-6C43-4DF9-8CE6-D299CA6F2BA1}.Debug|Any CPU.Build.0 = Debug|Any CPU
		{560820EE-6C43-4DF9-8CE6-D299CA6F2BA1}.Release|Any CPU.ActiveCfg = Release|Any CPU
		{560820EE-6C43-4DF9-8CE6-D299CA6F2BA1}.Release|Any CPU.Build.0 = Release|Any CPU
		{F784EECA-0121-45E7-A20C-14F784C408BA}.Debug|Any CPU.ActiveCfg = Debug|Any CPU
		{F784EECA-0121-45E7-A20C-14F784C408BA}.Debug|Any CPU.Build.0 = Debug|Any CPU
		{F784EECA-0121-45E7-A20C-14F784C408BA}.Release|Any CPU.ActiveCfg = Release|Any CPU
		{F784EECA-0121-45E7-A20C-14F784C408BA}.Release|Any CPU.Build.0 = Release|Any CPU
	EndGlobalSection
	GlobalSection(SolutionProperties) = preSolution
		HideSolutionNode = FALSE
	EndGlobalSection
	GlobalSection(ExtensibilityGlobals) = postSolution
		SolutionGuid = {450BC526-FD90-4807-8D99-610E89725C4C}
	EndGlobalSection
EndGlobal
